
Microsoft Visual Studio Solution File, Format Version 12.00
# Visual Studio Version 17
VisualStudioVersion = 17.5.002.0
MinimumVisualStudioVersion = 10.0.40219.1
Project("{9A19103F-16F7-4668-BE54-9A1E7A4F7556}") = "demo", "demo.csproj", "{ABF383C5-2A86-4BEC-A776-71AC6029150D}"
EndProject
Global
	GlobalSection(SolutionConfigurationPlatforms) = preSolution
		Debug|Any CPU = Debug|Any CPU
		Release|Any CPU = Release|Any CPU
	EndGlobalSection
	GlobalSection(ProjectConfigurationPlatforms) = postSolution
		{ABF383C5-2A86-4BEC-A776-71AC6029150D}.Debug|Any CPU.ActiveCfg = Debug|Any CPU
		{ABF383C5-2A86-4BEC-A776-71AC6029150D}.Debug|Any CPU.Build.0 = Debug|Any CPU
		{ABF383C5-2A86-4BEC-A776-71AC6029150D}.Release|Any CPU.ActiveCfg = Release|Any CPU
		{ABF383C5-2A86-4BEC-A776-71AC6029150D}.Release|Any CPU.Build.0 = Release|Any CPU
	EndGlobalSection
	GlobalSection(SolutionProperties) = preSolution
		HideSolutionNode = FALSE
	EndGlobalSection
	GlobalSection(ExtensibilityGlobals) = postSolution
		SolutionGuid = {EF08DAF2-2700-43CF-A427-03485951AFA4}
	EndGlobalSection
EndGlobal
